
Microsoft Visual Studio Solution File, Format Version 12.00
# Visual Studio 15
VisualStudioVersion = 15.0.28307.645
MinimumVisualStudioVersion = 10.0.40219.1
Project("{FAE04EC0-301F-11D3-BF4B-00C04F79EFBC}") = "ReconstructionTask", "ReconstructionTask\ReconstructionTask.csproj", "{876D618F-50BA-4FAD-82CC-9410E019F252}"
EndProject
Global
	GlobalSection(SolutionConfigurationPlatforms) = preSolution
		Debug|Any CPU = Debug|Any CPU
		Release|Any CPU = Release|Any CPU
	EndGlobalSection
	GlobalSection(ProjectConfigurationPlatforms) = postSolution
		{876D618F-50BA-4FAD-82CC-9410E019F252}.Debug|Any CPU.ActiveCfg = Debug|Any CPU
		{876D618F-50BA-4FAD-82CC-9410E019F252}.Debug|Any CPU.Build.0 = Debug|Any CPU
		{876D618F-50BA-4FAD-82CC-9410E019F252}.Release|Any CPU.ActiveCfg = Release|Any CPU
		{876D618F-50BA-4FAD-82CC-9410E019F252}.Release|Any CPU.Build.0 = Release|Any CPU
	EndGlobalSection
	GlobalSection(SolutionProperties) = preSolution
		HideSolutionNode = FALSE
	EndGlobalSection
	GlobalSection(ExtensibilityGlobals) = postSolution
		SolutionGuid = {2C390DF7-5AE1-42CA-9E8C-35BD65808D32}
	EndGlobalSection
EndGlobal
